
Microsoft Visual Studio Solution File, Format Version 12.00
# Visual Studio 14
VisualStudioVersion = 14.0.25420.1
MinimumVisualStudioVersion = 10.0.40219.1
Project("{FAE04EC0-301F-11D3-BF4B-00C04F79EFBC}") = "Shared", "Shared\Shared.csproj", "{1A2A5F88-889B-4DC4-AD05-EE9235D053D2}"
EndProject
Project("{FAE04EC0-301F-11D3-BF4B-00C04F79EFBC}") = "Droid", "Droid\Droid.csproj", "{2D735AC9-84E9-4539-B5CD-972F8D1B8B26}"
	ProjectSection(ProjectDependencies) = postProject
		{1A2A5F88-889B-4DC4-AD05-EE9235D053D2} = {1A2A5F88-889B-4DC4-AD05-EE9235D053D2}
	EndProjectSection
EndProject
Global
	GlobalSection(SolutionConfigurationPlatforms) = preSolution
		Debug|Any CPU = Debug|Any CPU
		Release|Any CPU = Release|Any CPU
	EndGlobalSection
	GlobalSection(ProjectConfigurationPlatforms) = postSolution
		{1A2A5F88-889B-4DC4-AD05-EE9235D053D2}.Debug|Any CPU.ActiveCfg = Debug|Any CPU
		{1A2A5F88-889B-4DC4-AD05-EE9235D053D2}.Debug|Any CPU.Build.0 = Debug|Any CPU
		{1A2A5F88-889B-4DC4-AD05-EE9235D053D2}.Release|Any CPU.ActiveCfg = Release|Any CPU
		{1A2A5F88-889B-4DC4-AD05-EE9235D053D2}.Release|Any CPU.Build.0 = Release|Any CPU
		{2D735AC9-84E9-4539-B5CD-972F8D1B8B26}.Debug|Any CPU.ActiveCfg = Debug|Any CPU
		{2D735AC9-84E9-4539-B5CD-972F8D1B8B26}.Debug|Any CPU.Build.0 = Debug|Any CPU
		{2D735AC9-84E9-4539-B5CD-972F8D1B8B26}.Debug|Any CPU.Deploy.0 = Debug|Any CPU
		{2D735AC9-84E9-4539-B5CD-972F8D1B8B26}.Release|Any CPU.ActiveCfg = Release|Any CPU
		{2D735AC9-84E9-4539-B5CD-972F8D1B8B26}.Release|Any CPU.Build.0 = Release|Any CPU
		{2D735AC9-84E9-4539-B5CD-972F8D1B8B26}.Release|Any CPU.Deploy.0 = Release|Any CPU
	EndGlobalSection
	GlobalSection(SolutionProperties) = preSolution
		HideSolutionNode = FALSE
	EndGlobalSection
EndGlobal
